PODS:
  - Alamofire (5.4.3)
  - ObjectMapper (3.5.3)
  - SwiftyJSON (4.3.0)
  - Toast-Swift (5.0.1)

DEPENDENCIES:
  - Alamofire (~> 5.2)
  - ObjectMapper (~> 3.5)
  - SwiftyJSON (~> 4.0)
  - Toast-Swift (~> 5.0.1)

SPEC REPOS:
  trunk:
    - Alamofire
    - ObjectMapper
    - SwiftyJSON
    - Toast-Swift

SPEC CHECKSUMS:
  Alamofire: e447a2774a40c996748296fa2c55112fdbbc42f9
  ObjectMapper: 97111c97e054a6ee25917662106689f0b4127b37
  SwiftyJSON: 6faa0040f8b59dead0ee07436cbf76b73c08fd08
  Toast-Swift: 9b6a70f28b3bf0b96c40d46c0c4b9d6639846711

PODFILE CHECKSUM: 5e1e7272343f9c3a7024f2f1610620916a39e103

COCOAPODS: 1.10.1
