// !$*UTF8*$!
{
	archiveVersion = 1;
	classes = {
	};
	objectVersion = 50;
	objects = {

/* Begin PBXBuildFile section */
		1CEBDDF32644428600959520 /* AppDelegate.swift in Sources */ = {isa = PBXBuildFile; fileRef = 1CEBDDF22644428600959520 /* AppDelegate.swift */; };
		1CEBDDF52644428600959520 /* SceneDelegate.swift in Sources */ = {isa = PBXBuildFile; fileRef = 1CEBDDF42644428600959520 /* SceneDelegate.swift */; };
		1CEBDDF72644428600959520 /* ViewController.swift in Sources */ = {isa = PBXBuildFile; fileRef = 1CEBDDF62644428600959520 /* ViewController.swift */; };
		1CEBDDFA2644428600959520 /* Main.storyboard in Resources */ = {isa = PBXBuildFile; fileRef = 1CEBDDF82644428600959520 /* Main.storyboard */; };
		1CEBDDFC2644428700959520 /* Assets.xcassets in Resources */ = {isa = PBXBuildFile; fileRef = 1CEBDDFB2644428700959520 /* Assets.xcassets */; };
		1CEBDDFF2644428700959520 /* LaunchScreen.storyboard in Resources */ = {isa = PBXBuildFile; fileRef = 1CEBDDFD2644428700959520 /* LaunchScreen.storyboard */; };
		1CEBDE0A2644428700959520 /* VaccineSlotNotifierTests.swift in Sources */ = {isa = PBXBuildFile; fileRef = 1CEBDE092644428700959520 /* VaccineSlotNotifierTests.swift */; };
		1CEBDE152644428700959520 /* VaccineSlotNotifierUITests.swift in Sources */ = {isa = PBXBuildFile; fileRef = 1CEBDE142644428700959520 /* VaccineSlotNotifierUITests.swift */; };
/* End PBXBuildFile section */

/* Begin PBXContainerItemProxy section */
		1CEBDE062644428700959520 /* PBXContainerItemProxy */ = {
			isa = PBXContainerItemProxy;
			containerPortal = 1CEBDDE72644428600959520 /* Project object */;
			proxyType = 1;
			remoteGlobalIDString = 1CEBDDEE2644428600959520;
			remoteInfo = VaccineSlotNotifier;
		};
		1CEBDE112644428700959520 /* PBXContainerItemProxy */ = {
			isa = PBXContainerItemProxy;
			containerPortal = 1CEBDDE72644428600959520 /* Project object */;
			proxyType = 1;
			remoteGlobalIDString = 1CEBDDEE2644428600959520;
			remoteInfo = VaccineSlotNotifier;
		};
/* End PBXContainerItemProxy section */

/* Begin PBXFileReference section */
		1CEBDDEF2644428600959520 /* VaccineSlotNotifier.app */ = {isa = PBXFileReference; explicitFileType = wrapper.application; includeInIndex = 0; path = VaccineSlotNotifier.app; sourceTree = BUILT_PRODUCTS_DIR; };
		1CEBDDF22644428600959520 /* AppDelegate.swift */ = {isa = PBXFileReference; lastKnownFileType = sourcecode.swift; path = AppDelegate.swift; sourceTree = "<group>"; };
		1CEBDDF42644428600959520 /* SceneDelegate.swift */ = {isa = PBXFileReference; lastKnownFileType = sourcecode.swift; path = SceneDelegate.swift; sourceTree = "<group>"; };
		1CEBDDF62644428600959520 /* ViewController.swift */ = {isa = PBXFileReference; lastKnownFileType = sourcecode.swift; path = ViewController.swift; sourceTree = "<group>"; };
		1CEBDDF92644428600959520 /* Base */ = {isa = PBXFileReference; lastKnownFileType = file.storyboard; name = Base; path = Base.lproj/Main.storyboard; sourceTree = "<group>"; };
		1CEBDDFB2644428700959520 /* Assets.xcassets */ = {isa = PBXFileReference; lastKnownFileType = folder.assetcatalog; path = Assets.xcassets; sourceTree = "<group>"; };
		1CEBDDFE2644428700959520 /* Base */ = {isa = PBXFileReference; lastKnownFileType = file.storyboard; name = Base; path = Base.lproj/LaunchScreen.storyboard; sourceTree = "<group>"; };
		1CEBDE002644428700959520 /* Info.plist */ = {isa = PBXFileReference; lastKnownFileType = text.plist.xml; path = Info.plist; sourceTree = "<group>"; };
		1CEBDE052644428700959520 /* VaccineSlotNotifierTests.xctest */ = {isa = PBXFileReference; explicitFileType = wrapper.cfbundle; includeInIndex = 0; path = VaccineSlotNotifierTests.xctest; sourceTree = BUILT_PRODUCTS_DIR; };
		1CEBDE092644428700959520 /* VaccineSlotNotifierTests.swift */ = {isa = PBXFileReference; lastKnownFileType = sourcecode.swift; path = VaccineSlotNotifierTests.swift; sourceTree = "<group>"; };
		1CEBDE0B2644428700959520 /* Info.plist */ = {isa = PBXFileReference; lastKnownFileType = text.plist.xml; path = Info.plist; sourceTree = "<group>"; };
		1CEBDE102644428700959520 /* VaccineSlotNotifierUITests.xctest */ = {isa = PBXFileReference; explicitFileType = wrapper.cfbundle; includeInIndex = 0; path = VaccineSlotNotifierUITests.xctest; sourceTree = BUILT_PRODUCTS_DIR; };
		1CEBDE142644428700959520 /* VaccineSlotNotifierUITests.swift */ = {isa = PBXFileReference; lastKnownFileType = sourcecode.swift; path = VaccineSlotNotifierUITests.swift; sourceTree = "<group>"; };
		1CEBDE162644428700959520 /* Info.plist */ = {isa = PBXFileReference; lastKnownFileType = text.plist.xml; path = Info.plist; sourceTree = "<group>"; };
/* End PBXFileReference section */

/* Begin PBXFrameworksBuildPhase section */
		1CEBDDEC2644428600959520 /* Frameworks */ = {
			isa = PBXFrameworksBuildPhase;
			buildActionMask = 2147483647;
			files = (
			);
			runOnlyForDeploymentPostprocessing = 0;
		};
		1CEBDE022644428700959520 /* Frameworks */ = {
			isa = PBXFrameworksBuildPhase;
			buildActionMask = 2147483647;
			files = (
			);
			runOnlyForDeploymentPostprocessing = 0;
		};
		1CEBDE0D2644428700959520 /* Frameworks */ = {
			isa = PBXFrameworksBuildPhase;
			buildActionMask = 2147483647;
			files = (
			);
			runOnlyForDeploymentPostprocessing = 0;
		};
/* End PBXFrameworksBuildPhase section */

/* Begin PBXGroup section */
		1CEBDDE62644428600959520 = {
			isa = PBXGroup;
			children = (
				1CEBDDF12644428600959520 /* VaccineSlotNotifier */,
				1CEBDE082644428700959520 /* VaccineSlotNotifierTests */,
				1CEBDE132644428700959520 /* VaccineSlotNotifierUITests */,
				1CEBDDF02644428600959520 /* Products */,
			);
			sourceTree = "<group>";
		};
		1CEBDDF02644428600959520 /* Products */ = {
			isa = PBXGroup;
			children = (
				1CEBDDEF2644428600959520 /* VaccineSlotNotifier.app */,
				1CEBDE052644428700959520 /* VaccineSlotNotifierTests.xctest */,
				1CEBDE102644428700959520 /* VaccineSlotNotifierUITests.xctest */,
			);
			name = Products;
			sourceTree = "<group>";
		};
		1CEBDDF12644428600959520 /* VaccineSlotNotifier */ = {
			isa = PBXGroup;
			children = (
				1CEBDDF22644428600959520 /* AppDelegate.swift */,
				1CEBDDF42644428600959520 /* SceneDelegate.swift */,
				1CEBDDF62644428600959520 /* ViewController.swift */,
				1CEBDDF82644428600959520 /* Main.storyboard */,
				1CEBDDFB2644428700959520 /* Assets.xcassets */,
				1CEBDDFD2644428700959520 /* LaunchScreen.storyboard */,
				1CEBDE002644428700959520 /* Info.plist */,
			);
			path = VaccineSlotNotifier;
			sourceTree = "<group>";
		};
		1CEBDE082644428700959520 /* VaccineSlotNotifierTests */ = {
			isa = PBXGroup;
			children = (
				1CEBDE092644428700959520 /* VaccineSlotNotifierTests.swift */,
				1CEBDE0B2644428700959520 /* Info.plist */,
			);
			path = VaccineSlotNotifierTests;
			sourceTree = "<group>";
		};
		1CEBDE132644428700959520 /* VaccineSlotNotifierUITests */ = {
			isa = PBXGroup;
			children = (
				1CEBDE142644428700959520 /* VaccineSlotNotifierUITests.swift */,
				1CEBDE162644428700959520 /* Info.plist */,
			);
			path = VaccineSlotNotifierUITests;
			sourceTree = "<group>";
		};
/* End PBXGroup section */

/* Begin PBXNativeTarget section */
		1CEBDDEE2644428600959520 /* VaccineSlotNotifier */ = {
			isa = PBXNativeTarget;
			buildConfigurationList = 1CEBDE192644428700959520 /* Build configuration list for PBXNativeTarget "VaccineSlotNotifier" */;
			buildPhases = (
				1CEBDDEB2644428600959520 /* Sources */,
				1CEBDDEC2644428600959520 /* Frameworks */,
				1CEBDDED2644428600959520 /* Resources */,
			);
			buildRules = (
			);
			dependencies = (
			);
			name = VaccineSlotNotifier;
			productName = VaccineSlotNotifier;
			productReference = 1CEBDDEF2644428600959520 /* VaccineSlotNotifier.app */;
			productType = "com.apple.product-type.application";
		};
		1CEBDE042644428700959520 /* VaccineSlotNotifierTests */ = {
			isa = PBXNativeTarget;
			buildConfigurationList = 1CEBDE1C2644428700959520 /* Build configuration list for PBXNativeTarget "VaccineSlotNotifierTests" */;
			buildPhases = (
				1CEBDE012644428700959520 /* Sources */,
				1CEBDE022644428700959520 /* Frameworks */,
				1CEBDE032644428700959520 /* Resources */,
			);
			buildRules = (
			);
			dependencies = (
				1CEBDE072644428700959520 /* PBXTargetDependency */,
			);
			name = VaccineSlotNotifierTests;
			productName = VaccineSlotNotifierTests;
			productReference = 1CEBDE052644428700959520 /* VaccineSlotNotifierTests.xctest */;
			productType = "com.apple.product-type.bundle.unit-test";
		};
		1CEBDE0F2644428700959520 /* VaccineSlotNotifierUITests */ = {
			isa = PBXNativeTarget;
			buildConfigurationList = 1CEBDE1F2644428700959520 /* Build configuration list for PBXNativeTarget "VaccineSlotNotifierUITests" */;
			buildPhases = (
				1CEBDE0C2644428700959520 /* Sources */,
				1CEBDE0D2644428700959520 /* Frameworks */,
				1CEBDE0E2644428700959520 /* Resources */,
			);
			buildRules = (
			);
			dependencies = (
				1CEBDE122644428700959520 /* PBXTargetDependency */,
			);
			name = VaccineSlotNotifierUITests;
			productName = VaccineSlotNotifierUITests;
			productReference = 1CEBDE102644428700959520 /* VaccineSlotNotifierUITests.xctest */;
			productType = "com.apple.product-type.bundle.ui-testing";
		};
/* End PBXNativeTarget section */

/* Begin PBXProject section */
		1CEBDDE72644428600959520 /* Project object */ = {
			isa = PBXProject;
			attributes = {
				LastSwiftUpdateCheck = 1230;
				LastUpgradeCheck = 1230;
				TargetAttributes = {
					1CEBDDEE2644428600959520 = {
						CreatedOnToolsVersion = 12.3;
					};
					1CEBDE042644428700959520 = {
						CreatedOnToolsVersion = 12.3;
						TestTargetID = 1CEBDDEE2644428600959520;
					};
					1CEBDE0F2644428700959520 = {
						CreatedOnToolsVersion = 12.3;
						TestTargetID = 1CEBDDEE2644428600959520;
					};
				};
			};
			buildConfigurationList = 1CEBDDEA2644428600959520 /* Build configuration list for PBXProject "VaccineSlotNotifier" */;
			compatibilityVersion = "Xcode 9.3";
			developmentRegion = en;
			hasScannedForEncodings = 0;
			knownRegions = (
				en,
				Base,
			);
			mainGroup = 1CEBDDE62644428600959520;
			productRefGroup = 1CEBDDF02644428600959520 /* Products */;
			projectDirPath = "";
			projectRoot = "";
			targets = (
				1CEBDDEE2644428600959520 /* VaccineSlotNotifier */,
				1CEBDE042644428700959520 /* VaccineSlotNotifierTests */,
				1CEBDE0F2644428700959520 /* VaccineSlotNotifierUITests */,
			);
		};
/* End PBXProject section */

/* Begin PBXResourcesBuildPhase section */
		1CEBDDED2644428600959520 /* Resources */ = {
			isa = PBXResourcesBuildPhase;
			buildActionMask = 2147483647;
			files = (
				1CEBDDFF2644428700959520 /* LaunchScreen.storyboard in Resources */,
				1CEBDDFC2644428700959520 /* Assets.xcassets in Resources */,
				1CEBDDFA2644428600959520 /* Main.storyboard in Resources */,
			);
			runOnlyForDeploymentPostprocessing = 0;
		};
		1CEBDE032644428700959520 /* Resources */ = {
			isa = PBXResourcesBuildPhase;
			buildActionMask = 2147483647;
			files = (
			);
			runOnlyForDeploymentPostprocessing = 0;
		};
		1CEBDE0E2644428700959520 /* Resources */ = {
			isa = PBXResourcesBuildPhase;
			buildActionMask = 2147483647;
			files = (
			);
			runOnlyForDeploymentPostprocessing = 0;
		};
/* End PBXResourcesBuildPhase section */

/* Begin PBXSourcesBuildPhase section */
		1CEBDDEB2644428600959520 /* Sources */ = {
			isa = PBXSourcesBuildPhase;
			buildActionMask = 2147483647;
			files = (
				1CEBDDF72644428600959520 /* ViewController.swift in Sources */,
				1CEBDDF32644428600959520 /* AppDelegate.swift in Sources */,
				1CEBDDF52644428600959520 /* SceneDelegate.swift in Sources */,
			);
			runOnlyForDeploymentPostprocessing = 0;
		};
		1CEBDE012644428700959520 /* Sources */ = {
			isa = PBXSourcesBuildPhase;
			buildActionMask = 2147483647;
			files = (
				1CEBDE0A2644428700959520 /* VaccineSlotNotifierTests.swift in Sources */,
			);
			runOnlyForDeploymentPostprocessing = 0;
		};
		1CEBDE0C2644428700959520 /* Sources */ = {
			isa = PBXSourcesBuildPhase;
			buildActionMask = 2147483647;
			files = (
				1CEBDE152644428700959520 /* VaccineSlotNotifierUITests.swift in Sources */,
			);
			runOnlyForDeploymentPostprocessing = 0;
		};
/* End PBXSourcesBuildPhase section */

/* Begin PBXTargetDependency section */
		1CEBDE072644428700959520 /* PBXTargetDependency */ = {
			isa = PBXTargetDependency;
			target = 1CEBDDEE2644428600959520 /* VaccineSlotNotifier */;
			targetProxy = 1CEBDE062644428700959520 /* PBXContainerItemProxy */;
		};
		1CEBDE122644428700959520 /* PBXTargetDependency */ = {
			isa = PBXTargetDependency;
			target = 1CEBDDEE2644428600959520 /* VaccineSlotNotifier */;
			targetProxy = 1CEBDE112644428700959520 /* PBXContainerItemProxy */;
		};
/* End PBXTargetDependency section */

/* Begin PBXVariantGroup section */
		1CEBDDF82644428600959520 /* Main.storyboard */ = {
			isa = PBXVariantGroup;
			children = (
				1CEBDDF92644428600959520 /* Base */,
			);
			name = Main.storyboard;
			sourceTree = "<group>";
		};
		1CEBDDFD2644428700959520 /* LaunchScreen.storyboard */ = {
			isa = PBXVariantGroup;
			children = (
				1CEBDDFE2644428700959520 /* Base */,
			);
			name = LaunchScreen.storyboard;
			sourceTree = "<group>";
		};
/* End PBXVariantGroup section */

/* Begin XCBuildConfiguration section */
		1CEBDE172644428700959520 /* Debug */ = {
			isa = XCBuildConfiguration;
			buildSettings = {
				ALWAYS_SEARCH_USER_PATHS = NO;
				CLANG_ANALYZER_NONNULL = YES;
				CLANG_ANALYZER_NUMBER_OBJECT_CONVERSION = YES_AGGRESSIVE;
				CLANG_CXX_LANGUAGE_STANDARD = "gnu++14";
				CLANG_CXX_LIBRARY = "libc++";
				CLANG_ENABLE_MODULES = YES;
				CLANG_ENABLE_OBJC_ARC = YES;
				CLANG_ENABLE_OBJC_WEAK = YES;
				CLANG_WARN_BLOCK_CAPTURE_AUTORELEASING = YES;
				CLANG_WARN_BOOL_CONVERSION = YES;
				CLANG_WARN_COMMA = YES;
				CLANG_WARN_CONSTANT_CONVERSION = YES;
				CLANG_WARN_DEPRECATED_OBJC_IMPLEMENTATIONS = YES;
				CLANG_WARN_DIRECT_OBJC_ISA_USAGE = YES_ERROR;
				CLANG_WARN_DOCUMENTATION_COMMENTS = YES;
				CLANG_WARN_EMPTY_BODY = YES;
				CLANG_WARN_ENUM_CONVERSION = YES;
				CLANG_WARN_INFINITE_RECURSION = YES;
				CLANG_WARN_INT_CONVERSION = YES;
				CLANG_WARN_NON_LITERAL_NULL_CONVERSION = YES;
				CLANG_WARN_OBJC_IMPLICIT_RETAIN_SELF = YES;
				CLANG_WARN_OBJC_LITERAL_CONVERSION = YES;
				CLANG_WARN_OBJC_ROOT_CLASS = YES_ERROR;
				CLANG_WARN_QUOTED_INCLUDE_IN_FRAMEWORK_HEADER = YES;
				CLANG_WARN_RANGE_LOOP_ANALYSIS = YES;
				CLANG_WARN_STRICT_PROTOTYPES = YES;
				CLANG_WARN_SUSPICIOUS_MOVE = YES;
				CLANG_WARN_UNGUARDED_AVAILABILITY = YES_AGGRESSIVE;
				CLANG_WARN_UNREACHABLE_CODE = YES;
				CLANG_WARN__DUPLICATE_METHOD_MATCH = YES;
				COPY_PHASE_STRIP = NO;
				DEBUG_INFORMATION_FORMAT = dwarf;
				ENABLE_STRICT_OBJC_MSGSEND = YES;
				ENABLE_TESTABILITY = YES;
				GCC_C_LANGUAGE_STANDARD = gnu11;
				GCC_DYNAMIC_NO_PIC = NO;
				GCC_NO_COMMON_BLOCKS = YES;
				GCC_OPTIMIZATION_LEVEL = 0;
				GCC_PREPROCESSOR_DEFINITIONS = (
					"DEBUG=1",
					"$(inherited)",
				);
				GCC_WARN_64_TO_32_BIT_CONVERSION = YES;
				GCC_WARN_ABOUT_RETURN_TYPE = YES_ERROR;
				GCC_WARN_UNDECLARED_SELECTOR = YES;
				GCC_WARN_UNINITIALIZED_AUTOS = YES_AGGRESSIVE;
				GCC_WARN_UNUSED_FUNCTION = YES;
				GCC_WARN_UNUSED_VARIABLE = YES;
				IPHONEOS_DEPLOYMENT_TARGET = 14.3;
				MTL_ENABLE_DEBUG_INFO = INCLUDE_SOURCE;
				MTL_FAST_MATH = YES;
				ONLY_ACTIVE_ARCH = YES;
				SDKROOT = iphoneos;
				SWIFT_ACTIVE_COMPILATION_CONDITIONS = DEBUG;
				SWIFT_OPTIMIZATION_LEVEL = "-Onone";
			};
			name = Debug;
		};
		1CEBDE182644428700959520 /* Release */ = {
			isa = XCBuildConfiguration;
			buildSettings = {
				ALWAYS_SEARCH_USER_PATHS = NO;
				CLANG_ANALYZER_NONNULL = YES;
				CLANG_ANALYZER_NUMBER_OBJECT_CONVERSION = YES_AGGRESSIVE;
				CLANG_CXX_LANGUAGE_STANDARD = "gnu++14";
				CLANG_CXX_LIBRARY = "libc++";
				CLANG_ENABLE_MODULES = YES;
				CLANG_ENABLE_OBJC_ARC = YES;
				CLANG_ENABLE_OBJC_WEAK = YES;
				CLANG_WARN_BLOCK_CAPTURE_AUTORELEASING = YES;
				CLANG_WARN_BOOL_CONVERSION = YES;
				CLANG_WARN_COMMA = YES;
				CLANG_WARN_CONSTANT_CONVERSION = YES;
				CLANG_WARN_DEPRECATED_OBJC_IMPLEMENTATIONS = YES;
				CLANG_WARN_DIRECT_OBJC_ISA_USAGE = YES_ERROR;
				CLANG_WARN_DOCUMENTATION_COMMENTS = YES;
				CLANG_WARN_EMPTY_BODY = YES;
				CLANG_WARN_ENUM_CONVERSION = YES;
				CLANG_WARN_INFINITE_RECURSION = YES;
				CLANG_WARN_INT_CONVERSION = YES;
				CLANG_WARN_NON_LITERAL_NULL_CONVERSION = YES;
				CLANG_WARN_OBJC_IMPLICIT_RETAIN_SELF = YES;
				CLANG_WARN_OBJC_LITERAL_CONVERSION = YES;
				CLANG_WARN_OBJC_ROOT_CLASS = YES_ERROR;
				CLANG_WARN_QUOTED_INCLUDE_IN_FRAMEWORK_HEADER = YES;
				CLANG_WARN_RANGE_LOOP_ANALYSIS = YES;
				CLANG_WARN_STRICT_PROTOTYPES = YES;
				CLANG_WARN_SUSPICIOUS_MOVE = YES;
				CLANG_WARN_UNGUARDED_AVAILABILITY = YES_AGGRESSIVE;
				CLANG_WARN_UNREACHABLE_CODE = YES;
				CLANG_WARN__DUPLICATE_METHOD_MATCH = YES;
				COPY_PHASE_STRIP = NO;
				DEBUG_INFORMATION_FORMAT = "dwarf-with-dsym";
				ENABLE_NS_ASSERTIONS = NO;
				ENABLE_STRICT_OBJC_MSGSEND = YES;
				GCC_C_LANGUAGE_STANDARD = gnu11;
				GCC_NO_COMMON_BLOCKS = YES;
				GCC_WARN_64_TO_32_BIT_CONVERSION = YES;
				GCC_WARN_ABOUT_RETURN_TYPE = YES_ERROR;
				GCC_WARN_UNDECLARED_SELECTOR = YES;
				GCC_WARN_UNINITIALIZED_AUTOS = YES_AGGRESSIVE;
				GCC_WARN_UNUSED_FUNCTION = YES;
				GCC_WARN_UNUSED_VARIABLE = YES;
				IPHONEOS_DEPLOYMENT_TARGET = 14.3;
				MTL_ENABLE_DEBUG_INFO = NO;
				MTL_FAST_MATH = YES;
				SDKROOT = iphoneos;
				SWIFT_COMPILATION_MODE = wholemodule;
				SWIFT_OPTIMIZATION_LEVEL = "-O";
				VALIDATE_PRODUCT = YES;
			};
			name = Release;
		};
		1CEBDE1A2644428700959520 /* Debug */ = {
			isa = XCBuildConfiguration;
			buildSettings = {
				ASSETCATALOG_COMPILER_APPICON_NAME = AppIcon;
				ASSETCATALOG_COMPILER_GLOBAL_ACCENT_COLOR_NAME = AccentColor;
				CODE_SIGN_STYLE = Automatic;
				DEVELOPMENT_TEAM = MYLJCHGZ23;
				INFOPLIST_FILE = VaccineSlotNotifier/Info.plist;
				LD_RUNPATH_SEARCH_PATHS = (
					"$(inherited)",
					"@executable_path/Frameworks",
				);
				PRODUCT_BUNDLE_IDENTIFIER = com.VaccineSlotNotifier;
				PRODUCT_NAME = "$(TARGET_NAME)";
				SWIFT_VERSION = 5.0;
				TARGETED_DEVICE_FAMILY = "1,2";
			};
			name = Debug;
		};
		1CEBDE1B2644428700959520 /* Release */ = {
			isa = XCBuildConfiguration;
			buildSettings = {
				ASSETCATALOG_COMPILER_APPICON_NAME = AppIcon;
				ASSETCATALOG_COMPILER_GLOBAL_ACCENT_COLOR_NAME = AccentColor;
				CODE_SIGN_STYLE = Automatic;
				DEVELOPMENT_TEAM = MYLJCHGZ23;
				INFOPLIST_FILE = VaccineSlotNotifier/Info.plist;
				LD_RUNPATH_SEARCH_PATHS = (
					"$(inherited)",
					"@executable_path/Frameworks",
				);
				PRODUCT_BUNDLE_IDENTIFIER = com.VaccineSlotNotifier;
				PRODUCT_NAME = "$(TARGET_NAME)";
				SWIFT_VERSION = 5.0;
				TARGETED_DEVICE_FAMILY = "1,2";
			};
			name = Release;
		};
		1CEBDE1D2644428700959520 /* Debug */ = {
			isa = XCBuildConfiguration;
			buildSettings = {
				ALWAYS_EMBED_SWIFT_STANDARD_LIBRARIES = YES;
				BUNDLE_LOADER = "$(TEST_HOST)";
				CODE_SIGN_STYLE = Automatic;
				DEVELOPMENT_TEAM = MYLJCHGZ23;
				INFOPLIST_FILE = VaccineSlotNotifierTests/Info.plist;
				IPHONEOS_DEPLOYMENT_TARGET = 14.3;
				LD_RUNPATH_SEARCH_PATHS = (
					"$(inherited)",
					"@executable_path/Frameworks",
					"@loader_path/Frameworks",
				);
				PRODUCT_BUNDLE_IDENTIFIER = com.VaccineSlotNotifierTests;
				PRODUCT_NAME = "$(TARGET_NAME)";
				SWIFT_VERSION = 5.0;
				TARGETED_DEVICE_FAMILY = "1,2";
				TEST_HOST = "$(BUILT_PRODUCTS_DIR)/VaccineSlotNotifier.app/VaccineSlotNotifier";
			};
			name = Debug;
		};
		1CEBDE1E2644428700959520 /* Release */ = {
			isa = XCBuildConfiguration;
			buildSettings = {
				ALWAYS_EMBED_SWIFT_STANDARD_LIBRARIES = YES;
				BUNDLE_LOADER = "$(TEST_HOST)";
				CODE_SIGN_STYLE = Automatic;
				DEVELOPMENT_TEAM = MYLJCHGZ23;
				INFOPLIST_FILE = VaccineSlotNotifierTests/Info.plist;
				IPHONEOS_DEPLOYMENT_TARGET = 14.3;
				LD_RUNPATH_SEARCH_PATHS = (
					"$(inherited)",
					"@executable_path/Frameworks",
					"@loader_path/Frameworks",
				);
				PRODUCT_BUNDLE_IDENTIFIER = com.VaccineSlotNotifierTests;
				PRODUCT_NAME = "$(TARGET_NAME)";
				SWIFT_VERSION = 5.0;
				TARGETED_DEVICE_FAMILY = "1,2";
				TEST_HOST = "$(BUILT_PRODUCTS_DIR)/VaccineSlotNotifier.app/VaccineSlotNotifier";
			};
			name = Release;
		};
		1CEBDE202644428700959520 /* Debug */ = {
			isa = XCBuildConfiguration;
			buildSettings = {
				ALWAYS_EMBED_SWIFT_STANDARD_LIBRARIES = YES;
				CODE_SIGN_STYLE = Automatic;
				DEVELOPMENT_TEAM = MYLJCHGZ23;
				INFOPLIST_FILE = VaccineSlotNotifierUITests/Info.plist;
				LD_RUNPATH_SEARCH_PATHS = (
					"$(inherited)",
					"@executable_path/Frameworks",
					"@loader_path/Frameworks",
				);
				PRODUCT_BUNDLE_IDENTIFIER = com.VaccineSlotNotifierUITests;
				PRODUCT_NAME = "$(TARGET_NAME)";
				SWIFT_VERSION = 5.0;
				TARGETED_DEVICE_FAMILY = "1,2";
				TEST_TARGET_NAME = VaccineSlotNotifier;
			};
			name = Debug;
		};
		1CEBDE212644428700959520 /* Release */ = {
			isa = XCBuildConfiguration;
			buildSettings = {
				ALWAYS_EMBED_SWIFT_STANDARD_LIBRARIES = YES;
				CODE_SIGN_STYLE = Automatic;
				DEVELOPMENT_TEAM = MYLJCHGZ23;
				INFOPLIST_FILE = VaccineSlotNotifierUITests/Info.plist;
				LD_RUNPATH_SEARCH_PATHS = (
					"$(inherited)",
					"@executable_path/Frameworks",
					"@loader_path/Frameworks",
				);
				PRODUCT_BUNDLE_IDENTIFIER = com.VaccineSlotNotifierUITests;
				PRODUCT_NAME = "$(TARGET_NAME)";
				SWIFT_VERSION = 5.0;
				TARGETED_DEVICE_FAMILY = "1,2";
				TEST_TARGET_NAME = VaccineSlotNotifier;
			};
			name = Release;
		};
/* End XCBuildConfiguration section */

/* Begin XCConfigurationList section */
		1CEBDDEA2644428600959520 /* Build configuration list for PBXProject "VaccineSlotNotifier" */ = {
			isa = XCConfigurationList;
			buildConfigurations = (
				1CEBDE172644428700959520 /* Debug */,
				1CEBDE182644428700959520 /* Release */,
			);
			defaultConfigurationIsVisible = 0;
			defaultConfigurationName = Release;
		};
		1CEBDE192644428700959520 /* Build configuration list for PBXNativeTarget "VaccineSlotNotifier" */ = {
			isa = XCConfigurationList;
			buildConfigurations = (
				1CEBDE1A2644428700959520 /* Debug */,
				1CEBDE1B2644428700959520 /* Release */,
			);
			defaultConfigurationIsVisible = 0;
			defaultConfigurationName = Release;
		};
		1CEBDE1C2644428700959520 /* Build configuration list for PBXNativeTarget "VaccineSlotNotifierTests" */ = {
			isa = XCConfigurationList;
			buildConfigurations = (
				1CEBDE1D2644428700959520 /* Debug */,
				1CEBDE1E2644428700959520 /* Release */,
			);
			defaultConfigurationIsVisible = 0;
			defaultConfigurationName = Release;
		};
		1CEBDE1F2644428700959520 /* Build configuration list for PBXNativeTarget "VaccineSlotNotifierUITests" */ = {
			isa = XCConfigurationList;
			buildConfigurations = (
				1CEBDE202644428700959520 /* Debug */,
				1CEBDE212644428700959520 /* Release */,
			);
			defaultConfigurationIsVisible = 0;
			defaultConfigurationName = Release;
		};
/* End XCConfigurationList section */
	};
	rootObject = 1CEBDDE72644428600959520 /* Project object */;
}
